// !$*UTF8*$!
{
	archiveVersion = 1;
	classes = {
	};
	objectVersion = 50;
	objects = {

/* Begin PBXBuildFile section */
		B50AD7412764D67A00177BAE /* AppDelegate.swift in Sources */ = {isa = PBXBuildFile; fileRef = B50AD7402764D67A00177BAE /* AppDelegate.swift */; };
		B50AD7432764D67A00177BAE /* SceneDelegate.swift in Sources */ = {isa = PBXBuildFile; fileRef = B50AD7422764D67A00177BAE /* SceneDelegate.swift */; };
		B50AD7452764D67A00177BAE /* ViewController.swift in Sources */ = {isa = PBXBuildFile; fileRef = B50AD7442764D67A00177BAE /* ViewController.swift */; };
		B50AD7482764D67A00177BAE /* Main.storyboard in Resources */ = {isa = PBXBuildFile; fileRef = B50AD7462764D67A00177BAE /* Main.storyboard */; };
		B50AD74A2764D67E00177BAE /* Assets.xcassets in Resources */ = {isa = PBXBuildFile; fileRef = B50AD7492764D67E00177BAE /* Assets.xcassets */; };
		B50AD74D2764D67E00177BAE /* LaunchScreen.storyboard in Resources */ = {isa = PBXBuildFile; fileRef = B50AD74B2764D67E00177BAE /* LaunchScreen.storyboard */; };
/* End PBXBuildFile section */

/* Begin PBXFileReference section */
		B50AD73D2764D67A00177BAE /* tasarımcalisması.app */ = {isa = PBXFileReference; explicitFileType = wrapper.application; includeInIndex = 0; path = "tasarımcalisması.app"; sourceTree = BUILT_PRODUCTS_DIR; };
		B50AD7402764D67A00177BAE /* AppDelegate.swift */ = {isa = PBXFileReference; lastKnownFileType = sourcecode.swift; path = AppDelegate.swift; sourceTree = "<group>"; };
		B50AD7422764D67A00177BAE /* SceneDelegate.swift */ = {isa = PBXFileReference; lastKnownFileType = sourcecode.swift; path = SceneDelegate.swift; sourceTree = "<group>"; };
		B50AD7442764D67A00177BAE /* ViewController.swift */ = {isa = PBXFileReference; lastKnownFileType = sourcecode.swift; path = ViewController.swift; sourceTree = "<group>"; };
		B50AD7472764D67A00177BAE /* Base */ = {isa = PBXFileReference; lastKnownFileType = file.storyboard; name = Base; path = Base.lproj/Main.storyboard; sourceTree = "<group>"; };
		B50AD7492764D67E00177BAE /* Assets.xcassets */ = {isa = PBXFileReference; lastKnownFileType = folder.assetcatalog; path = Assets.xcassets; sourceTree = "<group>"; };
		B50AD74C2764D67E00177BAE /* Base */ = {isa = PBXFileReference; lastKnownFileType = file.storyboard; name = Base; path = Base.lproj/LaunchScreen.storyboard; sourceTree = "<group>"; };
		B50AD74E2764D67E00177BAE /* Info.plist */ = {isa = PBXFileReference; lastKnownFileType = text.plist.xml; path = Info.plist; sourceTree = "<group>"; };
/* End PBXFileReference section */

/* Begin PBXFrameworksBuildPhase section */
		B50AD73A2764D67A00177BAE /* Frameworks */ = {
			isa = PBXFrameworksBuildPhase;
			buildActionMask = 2147483647;
			files = (
			);
			runOnlyForDeploymentPostprocessing = 0;
		};
/* End PBXFrameworksBuildPhase section */

/* Begin PBXGroup section */
		B50AD7342764D67A00177BAE = {
			isa = PBXGroup;
			children = (
				B50AD73F2764D67A00177BAE /* tasarımcalisması */,
				B50AD73E2764D67A00177BAE /* Products */,
			);
			sourceTree = "<group>";
		};
		B50AD73E2764D67A00177BAE /* Products */ = {
			isa = PBXGroup;
			children = (
				B50AD73D2764D67A00177BAE /* tasarımcalisması.app */,
			);
			name = Products;
			sourceTree = "<group>";
		};
		B50AD73F2764D67A00177BAE /* tasarımcalisması */ = {
			isa = PBXGroup;
			children = (
				B50AD7542764E22D00177BAE /* fonts */,
				B50AD7402764D67A00177BAE /* AppDelegate.swift */,
				B50AD7422764D67A00177BAE /* SceneDelegate.swift */,
				B50AD7442764D67A00177BAE /* ViewController.swift */,
				B50AD7462764D67A00177BAE /* Main.storyboard */,
				B50AD7492764D67E00177BAE /* Assets.xcassets */,
				B50AD74B2764D67E00177BAE /* LaunchScreen.storyboard */,
				B50AD74E2764D67E00177BAE /* Info.plist */,
			);
			path = "tasarımcalisması";
			sourceTree = "<group>";
		};
		B50AD7542764E22D00177BAE /* fonts */ = {
			isa = PBXGroup;
			children = (
			);
			path = fonts;
			sourceTree = "<group>";
		};
/* End PBXGroup section */

/* Begin PBXNativeTarget section */
		B50AD73C2764D67A00177BAE /* tasarımcalisması */ = {
			isa = PBXNativeTarget;
			buildConfigurationList = B50AD7512764D67E00177BAE /* Build configuration list for PBXNativeTarget "tasarımcalisması" */;
			buildPhases = (
				B50AD7392764D67A00177BAE /* Sources */,
				B50AD73A2764D67A00177BAE /* Frameworks */,
				B50AD73B2764D67A00177BAE /* Resources */,
			);
			buildRules = (
			);
			dependencies = (
			);
			name = "tasarımcalisması";
			productName = "tasarımcalisması";
			productReference = B50AD73D2764D67A00177BAE /* tasarımcalisması.app */;
			productType = "com.apple.product-type.application";
		};
/* End PBXNativeTarget section */

/* Begin PBXProject section */
		B50AD7352764D67A00177BAE /* Project object */ = {
			isa = PBXProject;
			attributes = {
				LastSwiftUpdateCheck = 1250;
				LastUpgradeCheck = 1250;
				TargetAttributes = {
					B50AD73C2764D67A00177BAE = {
						CreatedOnToolsVersion = 12.5.1;
					};
				};
			};
			buildConfigurationList = B50AD7382764D67A00177BAE /* Build configuration list for PBXProject "tasarımcalisması" */;
			compatibilityVersion = "Xcode 9.3";
			developmentRegion = en;
			hasScannedForEncodings = 0;
			knownRegions = (
				en,
				Base,
			);
			mainGroup = B50AD7342764D67A00177BAE;
			productRefGroup = B50AD73E2764D67A00177BAE /* Products */;
			projectDirPath = "";
			projectRoot = "";
			targets = (
				B50AD73C2764D67A00177BAE /* tasarımcalisması */,
			);
		};
/* End PBXProject section */

/* Begin PBXResourcesBuildPhase section */
		B50AD73B2764D67A00177BAE /* Resources */ = {
			isa = PBXResourcesBuildPhase;
			buildActionMask = 2147483647;
			files = (
				B50AD74D2764D67E00177BAE /* LaunchScreen.storyboard in Resources */,
				B50AD74A2764D67E00177BAE /* Assets.xcassets in Resources */,
				B50AD7482764D67A00177BAE /* Main.storyboard in Resources */,
			);
			runOnlyForDeploymentPostprocessing = 0;
		};
/* End PBXResourcesBuildPhase section */

/* Begin PBXSourcesBuildPhase section */
		B50AD7392764D67A00177BAE /* Sources */ = {
			isa = PBXSourcesBuildPhase;
			buildActionMask = 2147483647;
			files = (
				B50AD7452764D67A00177BAE /* ViewController.swift in Sources */,
				B50AD7412764D67A00177BAE /* AppDelegate.swift in Sources */,
				B50AD7432764D67A00177BAE /* SceneDelegate.swift in Sources */,
			);
			runOnlyForDeploymentPostprocessing = 0;
		};
/* End PBXSourcesBuildPhase section */

/* Begin PBXVariantGroup section */
		B50AD7462764D67A00177BAE /* Main.storyboard */ = {
			isa = PBXVariantGroup;
			children = (
				B50AD7472764D67A00177BAE /* Base */,
			);
			name = Main.storyboard;
			sourceTree = "<group>";
		};
		B50AD74B2764D67E00177BAE /* LaunchScreen.storyboard */ = {
			isa = PBXVariantGroup;
			children = (
				B50AD74C2764D67E00177BAE /* Base */,
			);
			name = LaunchScreen.storyboard;
			sourceTree = "<group>";
		};
/* End PBXVariantGroup section */

/* Begin XCBuildConfiguration section */
		B50AD74F2764D67E00177BAE /* Debug */ = {
			isa = XCBuildConfiguration;
			buildSettings = {
				ALWAYS_SEARCH_USER_PATHS = NO;
				CLANG_ANALYZER_NONNULL = YES;
				CLANG_ANALYZER_NUMBER_OBJECT_CONVERSION = YES_AGGRESSIVE;
				CLANG_CXX_LANGUAGE_STANDARD = "gnu++14";
				CLANG_CXX_LIBRARY = "libc++";
				CLANG_ENABLE_MODULES = YES;
				CLANG_ENABLE_OBJC_ARC = YES;
				CLANG_ENABLE_OBJC_WEAK = YES;
				CLANG_WARN_BLOCK_CAPTURE_AUTORELEASING = YES;
				CLANG_WARN_BOOL_CONVERSION = YES;
				CLANG_WARN_COMMA = YES;
				CLANG_WARN_CONSTANT_CONVERSION = YES;
				CLANG_WARN_DEPRECATED_OBJC_IMPLEMENTATIONS = YES;
				CLANG_WARN_DIRECT_OBJC_ISA_USAGE = YES_ERROR;
				CLANG_WARN_DOCUMENTATION_COMMENTS = YES;
				CLANG_WARN_EMPTY_BODY = YES;
				CLANG_WARN_ENUM_CONVERSION = YES;
				CLANG_WARN_INFINITE_RECURSION = YES;
				CLANG_WARN_INT_CONVERSION = YES;
				CLANG_WARN_NON_LITERAL_NULL_CONVERSION = YES;
				CLANG_WARN_OBJC_IMPLICIT_RETAIN_SELF = YES;
				CLANG_WARN_OBJC_LITERAL_CONVERSION = YES;
				CLANG_WARN_OBJC_ROOT_CLASS = YES_ERROR;
				CLANG_WARN_QUOTED_INCLUDE_IN_FRAMEWORK_HEADER = YES;
				CLANG_WARN_RANGE_LOOP_ANALYSIS = YES;
				CLANG_WARN_STRICT_PROTOTYPES = YES;
				CLANG_WARN_SUSPICIOUS_MOVE = YES;
				CLANG_WARN_UNGUARDED_AVAILABILITY = YES_AGGRESSIVE;
				CLANG_WARN_UNREACHABLE_CODE = YES;
				CLANG_WARN__DUPLICATE_METHOD_MATCH = YES;
				COPY_PHASE_STRIP = NO;
				DEBUG_INFORMATION_FORMAT = dwarf;
				ENABLE_STRICT_OBJC_MSGSEND = YES;
				ENABLE_TESTABILITY = YES;
				GCC_C_LANGUAGE_STANDARD = gnu11;
				GCC_DYNAMIC_NO_PIC = NO;
				GCC_NO_COMMON_BLOCKS = YES;
				GCC_OPTIMIZATION_LEVEL = 0;
				GCC_PREPROCESSOR_DEFINITIONS = (
					"DEBUG=1",
					"$(inherited)",
				);
				GCC_WARN_64_TO_32_BIT_CONVERSION = YES;
				GCC_WARN_ABOUT_RETURN_TYPE = YES_ERROR;
				GCC_WARN_UNDECLARED_SELECTOR = YES;
				GCC_WARN_UNINITIALIZED_AUTOS = YES_AGGRESSIVE;
				GCC_WARN_UNUSED_FUNCTION = YES;
				GCC_WARN_UNUSED_VARIABLE = YES;
				IPHONEOS_DEPLOYMENT_TARGET = 14.5;
				MTL_ENABLE_DEBUG_INFO = INCLUDE_SOURCE;
				MTL_FAST_MATH = YES;
				ONLY_ACTIVE_ARCH = YES;
				SDKROOT = iphoneos;
				SWIFT_ACTIVE_COMPILATION_CONDITIONS = DEBUG;
				SWIFT_OPTIMIZATION_LEVEL = "-Onone";
			};
			name = Debug;
		};
		B50AD7502764D67E00177BAE /* Release */ = {
			isa = XCBuildConfiguration;
			buildSettings = {
				ALWAYS_SEARCH_USER_PATHS = NO;
				CLANG_ANALYZER_NONNULL = YES;
				CLANG_ANALYZER_NUMBER_OBJECT_CONVERSION = YES_AGGRESSIVE;
				CLANG_CXX_LANGUAGE_STANDARD = "gnu++14";
				CLANG_CXX_LIBRARY = "libc++";
				CLANG_ENABLE_MODULES = YES;
				CLANG_ENABLE_OBJC_ARC = YES;
				CLANG_ENABLE_OBJC_WEAK = YES;
				CLANG_WARN_BLOCK_CAPTURE_AUTORELEASING = YES;
				CLANG_WARN_BOOL_CONVERSION = YES;
				CLANG_WARN_COMMA = YES;
				CLANG_WARN_CONSTANT_CONVERSION = YES;
				CLANG_WARN_DEPRECATED_OBJC_IMPLEMENTATIONS = YES;
				CLANG_WARN_DIRECT_OBJC_ISA_USAGE = YES_ERROR;
				CLANG_WARN_DOCUMENTATION_COMMENTS = YES;
				CLANG_WARN_EMPTY_BODY = YES;
				CLANG_WARN_ENUM_CONVERSION = YES;
				CLANG_WARN_INFINITE_RECURSION = YES;
				CLANG_WARN_INT_CONVERSION = YES;
				CLANG_WARN_NON_LITERAL_NULL_CONVERSION = YES;
				CLANG_WARN_OBJC_IMPLICIT_RETAIN_SELF = YES;
				CLANG_WARN_OBJC_LITERAL_CONVERSION = YES;
				CLANG_WARN_OBJC_ROOT_CLASS = YES_ERROR;
				CLANG_WARN_QUOTED_INCLUDE_IN_FRAMEWORK_HEADER = YES;
				CLANG_WARN_RANGE_LOOP_ANALYSIS = YES;
				CLANG_WARN_STRICT_PROTOTYPES = YES;
				CLANG_WARN_SUSPICIOUS_MOVE = YES;
				CLANG_WARN_UNGUARDED_AVAILABILITY = YES_AGGRESSIVE;
				CLANG_WARN_UNREACHABLE_CODE = YES;
				CLANG_WARN__DUPLICATE_METHOD_MATCH = YES;
				COPY_PHASE_STRIP = NO;
				DEBUG_INFORMATION_FORMAT = "dwarf-with-dsym";
				ENABLE_NS_ASSERTIONS = NO;
				ENABLE_STRICT_OBJC_MSGSEND = YES;
				GCC_C_LANGUAGE_STANDARD = gnu11;
				GCC_NO_COMMON_BLOCKS = YES;
				GCC_WARN_64_TO_32_BIT_CONVERSION = YES;
				GCC_WARN_ABOUT_RETURN_TYPE = YES_ERROR;
				GCC_WARN_UNDECLARED_SELECTOR = YES;
				GCC_WARN_UNINITIALIZED_AUTOS = YES_AGGRESSIVE;
				GCC_WARN_UNUSED_FUNCTION = YES;
				GCC_WARN_UNUSED_VARIABLE = YES;
				IPHONEOS_DEPLOYMENT_TARGET = 14.5;
				MTL_ENABLE_DEBUG_INFO = NO;
				MTL_FAST_MATH = YES;
				SDKROOT = iphoneos;
				SWIFT_COMPILATION_MODE = wholemodule;
				SWIFT_OPTIMIZATION_LEVEL = "-O";
				VALIDATE_PRODUCT = YES;
			};
			name = Release;
		};
		B50AD7522764D67E00177BAE /* Debug */ = {
			isa = XCBuildConfiguration;
			buildSettings = {
				ASSETCATALOG_COMPILER_APPICON_NAME = AppIcon;
				ASSETCATALOG_COMPILER_GLOBAL_ACCENT_COLOR_NAME = AccentColor;
				CODE_SIGN_STYLE = Automatic;
				DEVELOPMENT_TEAM = GC86A8RGA4;
				INFOPLIST_FILE = "tasarımcalisması/Info.plist";
				LD_RUNPATH_SEARCH_PATHS = (
					"$(inherited)",
					"@executable_path/Frameworks",
				);
				PRODUCT_BUNDLE_IDENTIFIER = "com.bk.tasar-mcalismas-";
				PRODUCT_NAME = "$(TARGET_NAME)";
				SWIFT_VERSION = 5.0;
				TARGETED_DEVICE_FAMILY = "1,2";
			};
			name = Debug;
		};
		B50AD7532764D67E00177BAE /* Release */ = {
			isa = XCBuildConfiguration;
			buildSettings = {
				ASSETCATALOG_COMPILER_APPICON_NAME = AppIcon;
				ASSETCATALOG_COMPILER_GLOBAL_ACCENT_COLOR_NAME = AccentColor;
				CODE_SIGN_STYLE = Automatic;
				DEVELOPMENT_TEAM = GC86A8RGA4;
				INFOPLIST_FILE = "tasarımcalisması/Info.plist";
				LD_RUNPATH_SEARCH_PATHS = (
					"$(inherited)",
					"@executable_path/Frameworks",
				);
				PRODUCT_BUNDLE_IDENTIFIER = "com.bk.tasar-mcalismas-";
				PRODUCT_NAME = "$(TARGET_NAME)";
				SWIFT_VERSION = 5.0;
				TARGETED_DEVICE_FAMILY = "1,2";
			};
			name = Release;
		};
/* End XCBuildConfiguration section */

/* Begin XCConfigurationList section */
		B50AD7382764D67A00177BAE /* Build configuration list for PBXProject "tasarımcalisması" */ = {
			isa = XCConfigurationList;
			buildConfigurations = (
				B50AD74F2764D67E00177BAE /* Debug */,
				B50AD7502764D67E00177BAE /* Release */,
			);
			defaultConfigurationIsVisible = 0;
			defaultConfigurationName = Release;
		};
		B50AD7512764D67E00177BAE /* Build configuration list for PBXNativeTarget "tasarımcalisması" */ = {
			isa = XCConfigurationList;
			buildConfigurations = (
				B50AD7522764D67E00177BAE /* Debug */,
				B50AD7532764D67E00177BAE /* Release */,
			);
			defaultConfigurationIsVisible = 0;
			defaultConfigurationName = Release;
		};
/* End XCConfigurationList section */
	};
	rootObject = B50AD7352764D67A00177BAE /* Project object */;
}
